PODS:
  - MustacheServices (0.1.0):
    - SwiftKeychainWrapper
  - SwiftKeychainWrapper (3.2.0)

DEPENDENCIES:
  - MustacheServices (from `../`)

SPEC REPOS:
  https://github.com/cocoapods/specs.git:
    - SwiftKeychainWrapper

EXTERNAL SOURCES:
  MustacheServices:
    :path: "../"

SPEC CHECKSUMS:
  MustacheServices: 64af5ff149263a331d88be8d81dde7155c2d466e
  SwiftKeychainWrapper: 82c4c02cdc36f9a24f7edfcaab3e336401caa1a1

PODFILE CHECKSUM: e7071a7ee60a820cf8b0ce2f205d64bc55139943

COCOAPODS: 1.6.1
