{
  "object": {
    "pins": [
      {
        "package": "MustacheFoundation",
        "repositoryURL": "https://github.com/mustachedk/MustacheFoundation.git",
        "state": {
          "branch": null,
          "revision": "57e2395cefd9082b84751ace462ec17a75c58eff",
          "version": "2.1.2"
        }
      },
      {
        "package": "Resolver",
        "repositoryURL": "https://github.com/hmlongco/Resolver.git",
        "state": {
          "branch": null,
          "revision": "97de0b0320036607564af4a60025b48f8d041221",
          "version": "1.5.0"
        }
      }
    ]
  },
  "version": 1
}
